
Microsoft Visual Studio Solution File, Format Version 12.00
# Visual Studio Version 17
VisualStudioVersion = 17.6.33829.357
MinimumVisualStudioVersion = 10.0.40219.1
Project("{9A19103F-16F7-4668-BE54-9A1E7A4F7556}") = "CopyFiles", "CopyFiles\CopyFiles.csproj", "{181088FD-E0A3-46C3-B7A5-B3E4104DE14B}"
EndProject
Project("{9A19103F-16F7-4668-BE54-9A1E7A4F7556}") = "Morrin.Extensions.Abstractions", "Morrin.Extensions.Abstractions\Morrin.Extensions.Abstractions.csproj", "{D5F8409A-7B2E-47D7-A2C3-9E5BD5BBEB0E}"
EndProject
Project("{9A19103F-16F7-4668-BE54-9A1E7A4F7556}") = "Morrin.Extensions.WPF", "Morrin.Extensions.WPF\Morrin.Extensions.WPF.csproj", "{EB4BA0B4-ACF2-4254-9D63-F3E29296BFE3}"
EndProject
Project("{9A19103F-16F7-4668-BE54-9A1E7A4F7556}") = "TestCopyFiles", "TestCopyFiles\TestCopyFiles.csproj", "{D4E36047-1C9A-48DE-A5C8-BE233DEBBFF6}"
EndProject
Project("{9A19103F-16F7-4668-BE54-9A1E7A4F7556}") = "CopyFiles.Core", "CopyFiles.Core\CopyFiles.Core.csproj", "{FC9450E7-BE19-4EA7-A2CD-8604541ABD6F}"
EndProject
Global
	GlobalSection(SolutionConfigurationPlatforms) = preSolution
		Debug|Any CPU = Debug|Any CPU
		Release|Any CPU = Release|Any CPU
	EndGlobalSection
	GlobalSection(ProjectConfigurationPlatforms) = postSolution
		{181088FD-E0A3-46C3-B7A5-B3E4104DE14B}.Debug|Any CPU.ActiveCfg = Debug|Any CPU
		{181088FD-E0A3-46C3-B7A5-B3E4104DE14B}.Debug|Any CPU.Build.0 = Debug|Any CPU
		{181088FD-E0A3-46C3-B7A5-B3E4104DE14B}.Release|Any CPU.ActiveCfg = Release|Any CPU
		{181088FD-E0A3-46C3-B7A5-B3E4104DE14B}.Release|Any CPU.Build.0 = Release|Any CPU
		{D5F8409A-7B2E-47D7-A2C3-9E5BD5BBEB0E}.Debug|Any CPU.ActiveCfg = Debug|Any CPU
		{D5F8409A-7B2E-47D7-A2C3-9E5BD5BBEB0E}.Debug|Any CPU.Build.0 = Debug|Any CPU
		{D5F8409A-7B2E-47D7-A2C3-9E5BD5BBEB0E}.Release|Any CPU.ActiveCfg = Release|Any CPU
		{D5F8409A-7B2E-47D7-A2C3-9E5BD5BBEB0E}.Release|Any CPU.Build.0 = Release|Any CPU
		{EB4BA0B4-ACF2-4254-9D63-F3E29296BFE3}.Debug|Any CPU.ActiveCfg = Debug|Any CPU
		{EB4BA0B4-ACF2-4254-9D63-F3E29296BFE3}.Debug|Any CPU.Build.0 = Debug|Any CPU
		{EB4BA0B4-ACF2-4254-9D63-F3E29296BFE3}.Release|Any CPU.ActiveCfg = Release|Any CPU
		{EB4BA0B4-ACF2-4254-9D63-F3E29296BFE3}.Release|Any CPU.Build.0 = Release|Any CPU
		{D4E36047-1C9A-48DE-A5C8-BE233DEBBFF6}.Debug|Any CPU.ActiveCfg = Debug|Any CPU
		{D4E36047-1C9A-48DE-A5C8-BE233DEBBFF6}.Debug|Any CPU.Build.0 = Debug|Any CPU
		{D4E36047-1C9A-48DE-A5C8-BE233DEBBFF6}.Release|Any CPU.ActiveCfg = Release|Any CPU
		{D4E36047-1C9A-48DE-A5C8-BE233DEBBFF6}.Release|Any CPU.Build.0 = Release|Any CPU
		{FC9450E7-BE19-4EA7-A2CD-8604541ABD6F}.Debug|Any CPU.ActiveCfg = Debug|Any CPU
		{FC9450E7-BE19-4EA7-A2CD-8604541ABD6F}.Debug|Any CPU.Build.0 = Debug|Any CPU
		{FC9450E7-BE19-4EA7-A2CD-8604541ABD6F}.Release|Any CPU.ActiveCfg = Release|Any CPU
		{FC9450E7-BE19-4EA7-A2CD-8604541ABD6F}.Release|Any CPU.Build.0 = Release|Any CPU
	EndGlobalSection
	GlobalSection(SolutionProperties) = preSolution
		HideSolutionNode = FALSE
	EndGlobalSection
	GlobalSection(ExtensibilityGlobals) = postSolution
		SolutionGuid = {B00777F7-60AA-446F-BC1D-BD4B9CFDBC61}
	EndGlobalSection
EndGlobal
